
Microsoft Visual Studio Solution File, Format Version 12.00
# Visual Studio Version 17
VisualStudioVersion = 17.6.33815.320
MinimumVisualStudioVersion = 10.0.40219.1
Project("{FAE04EC0-301F-11D3-BF4B-00C04F79EFBC}") = "Upload.API", "Upload.API\Upload.API.csproj", "{9193191A-EFE7-486A-9FAC-BE85EFC6418B}"
EndProject
Global
	GlobalSection(SolutionConfigurationPlatforms) = preSolution
		Debug|Any CPU = Debug|Any CPU
		Release|Any CPU = Release|Any CPU
	EndGlobalSection
	GlobalSection(ProjectConfigurationPlatforms) = postSolution
		{9193191A-EFE7-486A-9FAC-BE85EFC6418B}.Debug|Any CPU.ActiveCfg = Debug|Any CPU
		{9193191A-EFE7-486A-9FAC-BE85EFC6418B}.Debug|Any CPU.Build.0 = Debug|Any CPU
		{9193191A-EFE7-486A-9FAC-BE85EFC6418B}.Release|Any CPU.ActiveCfg = Release|Any CPU
		{9193191A-EFE7-486A-9FAC-BE85EFC6418B}.Release|Any CPU.Build.0 = Release|Any CPU
	EndGlobalSection
	GlobalSection(SolutionProperties) = preSolution
		HideSolutionNode = FALSE
	EndGlobalSection
	GlobalSection(ExtensibilityGlobals) = postSolution
		SolutionGuid = {DF11F11C-6119-46EB-910F-5746D62BE114}
	EndGlobalSection
EndGlobal
